// !$*UTF8*$!
{
	archiveVersion = 1;
	classes = {
	};
	objectVersion = 50;
	objects = {

/* Begin PBXBuildFile section */
		1DE0511D26532D98009C3318 /* BetBetApp.swift in Sources */ = {isa = PBXBuildFile; fileRef = 1DE0510A26532D93009C3318 /* BetBetApp.swift */; };
		1DE0511E26532D98009C3318 /* BetBetApp.swift in Sources */ = {isa = PBXBuildFile; fileRef = 1DE0510A26532D93009C3318 /* BetBetApp.swift */; };
		1DE0511F26532D98009C3318 /* ContentView.swift in Sources */ = {isa = PBXBuildFile; fileRef = 1DE0510B26532D93009C3318 /* ContentView.swift */; };
		1DE0512026532D98009C3318 /* ContentView.swift in Sources */ = {isa = PBXBuildFile; fileRef = 1DE0510B26532D93009C3318 /* ContentView.swift */; };
		1DE0512126532D98009C3318 /* Assets.xcassets in Resources */ = {isa = PBXBuildFile; fileRef = 1DE0510C26532D98009C3318 /* Assets.xcassets */; };
		1DE0512226532D98009C3318 /* Assets.xcassets in Resources */ = {isa = PBXBuildFile; fileRef = 1DE0510C26532D98009C3318 /* Assets.xcassets */; };
/* End PBXBuildFile section */

/* Begin PBXFileReference section */
		1DE0510A26532D93009C3318 /* BetBetApp.swift */ = {isa = PBXFileReference; lastKnownFileType = sourcecode.swift; path = BetBetApp.swift; sourceTree = "<group>"; };
		1DE0510B26532D93009C3318 /* ContentView.swift */ = {isa = PBXFileReference; lastKnownFileType = sourcecode.swift; path = ContentView.swift; sourceTree = "<group>"; };
		1DE0510C26532D98009C3318 /* Assets.xcassets */ = {isa = PBXFileReference; lastKnownFileType = folder.assetcatalog; path = Assets.xcassets; sourceTree = "<group>"; };
		1DE0511126532D98009C3318 /* BetBet.app */ = {isa = PBXFileReference; explicitFileType = wrapper.application; includeInIndex = 0; path = BetBet.app; sourceTree = BUILT_PRODUCTS_DIR; };
		1DE0511426532D98009C3318 /* Info.plist */ = {isa = PBXFileReference; lastKnownFileType = text.plist.xml; path = Info.plist; sourceTree = "<group>"; };
		1DE0511926532D98009C3318 /* BetBet.app */ = {isa = PBXFileReference; explicitFileType = wrapper.application; includeInIndex = 0; path = BetBet.app; sourceTree = BUILT_PRODUCTS_DIR; };
		1DE0511B26532D98009C3318 /* Info.plist */ = {isa = PBXFileReference; lastKnownFileType = text.plist.xml; path = Info.plist; sourceTree = "<group>"; };
		1DE0511C26532D98009C3318 /* macOS.entitlements */ = {isa = PBXFileReference; lastKnownFileType = text.plist.entitlements; path = macOS.entitlements; sourceTree = "<group>"; };
/* End PBXFileReference section */

/* Begin PBXFrameworksBuildPhase section */
		1DE0510E26532D98009C3318 /* Frameworks */ = {
			isa = PBXFrameworksBuildPhase;
			buildActionMask = 2147483647;
			files = (
			);
			runOnlyForDeploymentPostprocessing = 0;
		};
		1DE0511626532D98009C3318 /* Frameworks */ = {
			isa = PBXFrameworksBuildPhase;
			buildActionMask = 2147483647;
			files = (
			);
			runOnlyForDeploymentPostprocessing = 0;
		};
/* End PBXFrameworksBuildPhase section */

/* Begin PBXGroup section */
		1DE0510426532D92009C3318 = {
			isa = PBXGroup;
			children = (
				1DE0510926532D93009C3318 /* Shared */,
				1DE0511326532D98009C3318 /* iOS */,
				1DE0511A26532D98009C3318 /* macOS */,
				1DE0511226532D98009C3318 /* Products */,
			);
			sourceTree = "<group>";
		};
		1DE0510926532D93009C3318 /* Shared */ = {
			isa = PBXGroup;
			children = (
				1DE0510A26532D93009C3318 /* BetBetApp.swift */,
				1DE0510B26532D93009C3318 /* ContentView.swift */,
				1DE0510C26532D98009C3318 /* Assets.xcassets */,
			);
			path = Shared;
			sourceTree = "<group>";
		};
		1DE0511226532D98009C3318 /* Products */ = {
			isa = PBXGroup;
			children = (
				1DE0511126532D98009C3318 /* BetBet.app */,
				1DE0511926532D98009C3318 /* BetBet.app */,
			);
			name = Products;
			sourceTree = "<group>";
		};
		1DE0511326532D98009C3318 /* iOS */ = {
			isa = PBXGroup;
			children = (
				1DE0511426532D98009C3318 /* Info.plist */,
			);
			path = iOS;
			sourceTree = "<group>";
		};
		1DE0511A26532D98009C3318 /* macOS */ = {
			isa = PBXGroup;
			children = (
				1DE0511B26532D98009C3318 /* Info.plist */,
				1DE0511C26532D98009C3318 /* macOS.entitlements */,
			);
			path = macOS;
			sourceTree = "<group>";
		};
/* End PBXGroup section */

/* Begin PBXNativeTarget section */
		1DE0511026532D98009C3318 /* BetBet (iOS) */ = {
			isa = PBXNativeTarget;
			buildConfigurationList = 1DE0512526532D98009C3318 /* Build configuration list for PBXNativeTarget "BetBet (iOS)" */;
			buildPhases = (
				1DE0510D26532D98009C3318 /* Sources */,
				1DE0510E26532D98009C3318 /* Frameworks */,
				1DE0510F26532D98009C3318 /* Resources */,
			);
			buildRules = (
			);
			dependencies = (
			);
			name = "BetBet (iOS)";
			productName = "BetBet (iOS)";
			productReference = 1DE0511126532D98009C3318 /* BetBet.app */;
			productType = "com.apple.product-type.application";
		};
		1DE0511826532D98009C3318 /* BetBet (macOS) */ = {
			isa = PBXNativeTarget;
			buildConfigurationList = 1DE0512826532D98009C3318 /* Build configuration list for PBXNativeTarget "BetBet (macOS)" */;
			buildPhases = (
				1DE0511526532D98009C3318 /* Sources */,
				1DE0511626532D98009C3318 /* Frameworks */,
				1DE0511726532D98009C3318 /* Resources */,
			);
			buildRules = (
			);
			dependencies = (
			);
			name = "BetBet (macOS)";
			productName = "BetBet (macOS)";
			productReference = 1DE0511926532D98009C3318 /* BetBet.app */;
			productType = "com.apple.product-type.application";
		};
/* End PBXNativeTarget section */

/* Begin PBXProject section */
		1DE0510526532D92009C3318 /* Project object */ = {
			isa = PBXProject;
			attributes = {
				LastSwiftUpdateCheck = 1250;
				LastUpgradeCheck = 1250;
				TargetAttributes = {
					1DE0511026532D98009C3318 = {
						CreatedOnToolsVersion = 12.5;
					};
					1DE0511826532D98009C3318 = {
						CreatedOnToolsVersion = 12.5;
					};
				};
			};
			buildConfigurationList = 1DE0510826532D92009C3318 /* Build configuration list for PBXProject "BetBet" */;
			compatibilityVersion = "Xcode 9.3";
			developmentRegion = en;
			hasScannedForEncodings = 0;
			knownRegions = (
				en,
				Base,
			);
			mainGroup = 1DE0510426532D92009C3318;
			productRefGroup = 1DE0511226532D98009C3318 /* Products */;
			projectDirPath = "";
			projectRoot = "";
			targets = (
				1DE0511026532D98009C3318 /* BetBet (iOS) */,
				1DE0511826532D98009C3318 /* BetBet (macOS) */,
			);
		};
/* End PBXProject section */

/* Begin PBXResourcesBuildPhase section */
		1DE0510F26532D98009C3318 /* Resources */ = {
			isa = PBXResourcesBuildPhase;
			buildActionMask = 2147483647;
			files = (
				1DE0512126532D98009C3318 /* Assets.xcassets in Resources */,
			);
			runOnlyForDeploymentPostprocessing = 0;
		};
		1DE0511726532D98009C3318 /* Resources */ = {
			isa = PBXResourcesBuildPhase;
			buildActionMask = 2147483647;
			files = (
				1DE0512226532D98009C3318 /* Assets.xcassets in Resources */,
			);
			runOnlyForDeploymentPostprocessing = 0;
		};
/* End PBXResourcesBuildPhase section */

/* Begin PBXSourcesBuildPhase section */
		1DE0510D26532D98009C3318 /* Sources */ = {
			isa = PBXSourcesBuildPhase;
			buildActionMask = 2147483647;
			files = (
				1DE0511F26532D98009C3318 /* ContentView.swift in Sources */,
				1DE0511D26532D98009C3318 /* BetBetApp.swift in Sources */,
			);
			runOnlyForDeploymentPostprocessing = 0;
		};
		1DE0511526532D98009C3318 /* Sources */ = {
			isa = PBXSourcesBuildPhase;
			buildActionMask = 2147483647;
			files = (
				1DE0512026532D98009C3318 /* ContentView.swift in Sources */,
				1DE0511E26532D98009C3318 /* BetBetApp.swift in Sources */,
			);
			runOnlyForDeploymentPostprocessing = 0;
		};
/* End PBXSourcesBuildPhase section */

/* Begin XCBuildConfiguration section */
		1DE0512326532D98009C3318 /* Debug */ = {
			isa = XCBuildConfiguration;
			buildSettings = {
				ALWAYS_SEARCH_USER_PATHS = NO;
				CLANG_ANALYZER_NONNULL = YES;
				CLANG_ANALYZER_NUMBER_OBJECT_CONVERSION = YES_AGGRESSIVE;
				CLANG_CXX_LANGUAGE_STANDARD = "gnu++14";
				CLANG_CXX_LIBRARY = "libc++";
				CLANG_ENABLE_MODULES = YES;
				CLANG_ENABLE_OBJC_ARC = YES;
				CLANG_ENABLE_OBJC_WEAK = YES;
				CLANG_WARN_BLOCK_CAPTURE_AUTORELEASING = YES;
				CLANG_WARN_BOOL_CONVERSION = YES;
				CLANG_WARN_COMMA = YES;
				CLANG_WARN_CONSTANT_CONVERSION = YES;
				CLANG_WARN_DEPRECATED_OBJC_IMPLEMENTATIONS = YES;
				CLANG_WARN_DIRECT_OBJC_ISA_USAGE = YES_ERROR;
				CLANG_WARN_DOCUMENTATION_COMMENTS = YES;
				CLANG_WARN_EMPTY_BODY = YES;
				CLANG_WARN_ENUM_CONVERSION = YES;
				CLANG_WARN_INFINITE_RECURSION = YES;
				CLANG_WARN_INT_CONVERSION = YES;
				CLANG_WARN_NON_LITERAL_NULL_CONVERSION = YES;
				CLANG_WARN_OBJC_IMPLICIT_RETAIN_SELF = YES;
				CLANG_WARN_OBJC_LITERAL_CONVERSION = YES;
				CLANG_WARN_OBJC_ROOT_CLASS = YES_ERROR;
				CLANG_WARN_QUOTED_INCLUDE_IN_FRAMEWORK_HEADER = YES;
				CLANG_WARN_RANGE_LOOP_ANALYSIS = YES;
				CLANG_WARN_STRICT_PROTOTYPES = YES;
				CLANG_WARN_SUSPICIOUS_MOVE = YES;
				CLANG_WARN_UNGUARDED_AVAILABILITY = YES_AGGRESSIVE;
				CLANG_WARN_UNREACHABLE_CODE = YES;
				CLANG_WARN__DUPLICATE_METHOD_MATCH = YES;
				COPY_PHASE_STRIP = NO;
				DEBUG_INFORMATION_FORMAT = dwarf;
				ENABLE_STRICT_OBJC_MSGSEND = YES;
				ENABLE_TESTABILITY = YES;
				GCC_C_LANGUAGE_STANDARD = gnu11;
				GCC_DYNAMIC_NO_PIC = NO;
				GCC_NO_COMMON_BLOCKS = YES;
				GCC_OPTIMIZATION_LEVEL = 0;
				GCC_PREPROCESSOR_DEFINITIONS = (
					"DEBUG=1",
					"$(inherited)",
				);
				GCC_WARN_64_TO_32_BIT_CONVERSION = YES;
				GCC_WARN_ABOUT_RETURN_TYPE = YES_ERROR;
				GCC_WARN_UNDECLARED_SELECTOR = YES;
				GCC_WARN_UNINITIALIZED_AUTOS = YES_AGGRESSIVE;
				GCC_WARN_UNUSED_FUNCTION = YES;
				GCC_WARN_UNUSED_VARIABLE = YES;
				MTL_ENABLE_DEBUG_INFO = INCLUDE_SOURCE;
				MTL_FAST_MATH = YES;
				ONLY_ACTIVE_ARCH = YES;
				SWIFT_ACTIVE_COMPILATION_CONDITIONS = DEBUG;
				SWIFT_OPTIMIZATION_LEVEL = "-Onone";
			};
			name = Debug;
		};
		1DE0512426532D98009C3318 /* Release */ = {
			isa = XCBuildConfiguration;
			buildSettings = {
				ALWAYS_SEARCH_USER_PATHS = NO;
				CLANG_ANALYZER_NONNULL = YES;
				CLANG_ANALYZER_NUMBER_OBJECT_CONVERSION = YES_AGGRESSIVE;
				CLANG_CXX_LANGUAGE_STANDARD = "gnu++14";
				CLANG_CXX_LIBRARY = "libc++";
				CLANG_ENABLE_MODULES = YES;
				CLANG_ENABLE_OBJC_ARC = YES;
				CLANG_ENABLE_OBJC_WEAK = YES;
				CLANG_WARN_BLOCK_CAPTURE_AUTORELEASING = YES;
				CLANG_WARN_BOOL_CONVERSION = YES;
				CLANG_WARN_COMMA = YES;
				CLANG_WARN_CONSTANT_CONVERSION = YES;
				CLANG_WARN_DEPRECATED_OBJC_IMPLEMENTATIONS = YES;
				CLANG_WARN_DIRECT_OBJC_ISA_USAGE = YES_ERROR;
				CLANG_WARN_DOCUMENTATION_COMMENTS = YES;
				CLANG_WARN_EMPTY_BODY = YES;
				CLANG_WARN_ENUM_CONVERSION = YES;
				CLANG_WARN_INFINITE_RECURSION = YES;
				CLANG_WARN_INT_CONVERSION = YES;
				CLANG_WARN_NON_LITERAL_NULL_CONVERSION = YES;
				CLANG_WARN_OBJC_IMPLICIT_RETAIN_SELF = YES;
				CLANG_WARN_OBJC_LITERAL_CONVERSION = YES;
				CLANG_WARN_OBJC_ROOT_CLASS = YES_ERROR;
				CLANG_WARN_QUOTED_INCLUDE_IN_FRAMEWORK_HEADER = YES;
				CLANG_WARN_RANGE_LOOP_ANALYSIS = YES;
				CLANG_WARN_STRICT_PROTOTYPES = YES;
				CLANG_WARN_SUSPICIOUS_MOVE = YES;
				CLANG_WARN_UNGUARDED_AVAILABILITY = YES_AGGRESSIVE;
				CLANG_WARN_UNREACHABLE_CODE = YES;
				CLANG_WARN__DUPLICATE_METHOD_MATCH = YES;
				COPY_PHASE_STRIP = NO;
				DEBUG_INFORMATION_FORMAT = "dwarf-with-dsym";
				ENABLE_NS_ASSERTIONS = NO;
				ENABLE_STRICT_OBJC_MSGSEND = YES;
				GCC_C_LANGUAGE_STANDARD = gnu11;
				GCC_NO_COMMON_BLOCKS = YES;
				GCC_WARN_64_TO_32_BIT_CONVERSION = YES;
				GCC_WARN_ABOUT_RETURN_TYPE = YES_ERROR;
				GCC_WARN_UNDECLARED_SELECTOR = YES;
				GCC_WARN_UNINITIALIZED_AUTOS = YES_AGGRESSIVE;
				GCC_WARN_UNUSED_FUNCTION = YES;
				GCC_WARN_UNUSED_VARIABLE = YES;
				MTL_ENABLE_DEBUG_INFO = NO;
				MTL_FAST_MATH = YES;
				SWIFT_COMPILATION_MODE = wholemodule;
				SWIFT_OPTIMIZATION_LEVEL = "-O";
			};
			name = Release;
		};
		1DE0512626532D98009C3318 /* Debug */ = {
			isa = XCBuildConfiguration;
			buildSettings = {
				ASSETCATALOG_COMPILER_APPICON_NAME = AppIcon;
				ASSETCATALOG_COMPILER_GLOBAL_ACCENT_COLOR_NAME = AccentColor;
				CODE_SIGN_STYLE = Automatic;
				DEVELOPMENT_TEAM = 78Z7Z9675L;
				ENABLE_PREVIEWS = YES;
				INFOPLIST_FILE = iOS/Info.plist;
				IPHONEOS_DEPLOYMENT_TARGET = 14.0;
				LD_RUNPATH_SEARCH_PATHS = (
					"$(inherited)",
					"@executable_path/Frameworks",
				);
				PRODUCT_BUNDLE_IDENTIFIER = BetBet.BetBet;
				PRODUCT_NAME = BetBet;
				SDKROOT = iphoneos;
				SWIFT_VERSION = 5.0;
				TARGETED_DEVICE_FAMILY = "1,2";
			};
			name = Debug;
		};
		1DE0512726532D98009C3318 /* Release */ = {
			isa = XCBuildConfiguration;
			buildSettings = {
				ASSETCATALOG_COMPILER_APPICON_NAME = AppIcon;
				ASSETCATALOG_COMPILER_GLOBAL_ACCENT_COLOR_NAME = AccentColor;
				CODE_SIGN_STYLE = Automatic;
				DEVELOPMENT_TEAM = 78Z7Z9675L;
				ENABLE_PREVIEWS = YES;
				INFOPLIST_FILE = iOS/Info.plist;
				IPHONEOS_DEPLOYMENT_TARGET = 14.0;
				LD_RUNPATH_SEARCH_PATHS = (
					"$(inherited)",
					"@executable_path/Frameworks",
				);
				PRODUCT_BUNDLE_IDENTIFIER = BetBet.BetBet;
				PRODUCT_NAME = BetBet;
				SDKROOT = iphoneos;
				SWIFT_VERSION = 5.0;
				TARGETED_DEVICE_FAMILY = "1,2";
				VALIDATE_PRODUCT = YES;
			};
			name = Release;
		};
		1DE0512926532D98009C3318 /* Debug */ = {
			isa = XCBuildConfiguration;
			buildSettings = {
				ASSETCATALOG_COMPILER_APPICON_NAME = AppIcon;
				ASSETCATALOG_COMPILER_GLOBAL_ACCENT_COLOR_NAME = AccentColor;
				CODE_SIGN_ENTITLEMENTS = macOS/macOS.entitlements;
				CODE_SIGN_STYLE = Automatic;
				COMBINE_HIDPI_IMAGES = YES;
				DEVELOPMENT_TEAM = 78Z7Z9675L;
				ENABLE_HARDENED_RUNTIME = YES;
				ENABLE_PREVIEWS = YES;
				INFOPLIST_FILE = macOS/Info.plist;
				LD_RUNPATH_SEARCH_PATHS = (
					"$(inherited)",
					"@executable_path/../Frameworks",
				);
				MACOSX_DEPLOYMENT_TARGET = 11.0;
				PRODUCT_BUNDLE_IDENTIFIER = BetBet.BetBet;
				PRODUCT_NAME = BetBet;
				SDKROOT = macosx;
				SWIFT_VERSION = 5.0;
			};
			name = Debug;
		};
		1DE0512A26532D98009C3318 /* Release */ = {
			isa = XCBuildConfiguration;
			buildSettings = {
				ASSETCATALOG_COMPILER_APPICON_NAME = AppIcon;
				ASSETCATALOG_COMPILER_GLOBAL_ACCENT_COLOR_NAME = AccentColor;
				CODE_SIGN_ENTITLEMENTS = macOS/macOS.entitlements;
				CODE_SIGN_STYLE = Automatic;
				COMBINE_HIDPI_IMAGES = YES;
				DEVELOPMENT_TEAM = 78Z7Z9675L;
				ENABLE_HARDENED_RUNTIME = YES;
				ENABLE_PREVIEWS = YES;
				INFOPLIST_FILE = macOS/Info.plist;
				LD_RUNPATH_SEARCH_PATHS = (
					"$(inherited)",
					"@executable_path/../Frameworks",
				);
				MACOSX_DEPLOYMENT_TARGET = 11.0;
				PRODUCT_BUNDLE_IDENTIFIER = BetBet.BetBet;
				PRODUCT_NAME = BetBet;
				SDKROOT = macosx;
				SWIFT_VERSION = 5.0;
			};
			name = Release;
		};
/* End XCBuildConfiguration section */

/* Begin XCConfigurationList section */
		1DE0510826532D92009C3318 /* Build configuration list for PBXProject "BetBet" */ = {
			isa = XCConfigurationList;
			buildConfigurations = (
				1DE0512326532D98009C3318 /* Debug */,
				1DE0512426532D98009C3318 /* Release */,
			);
			defaultConfigurationIsVisible = 0;
			defaultConfigurationName = Release;
		};
		1DE0512526532D98009C3318 /* Build configuration list for PBXNativeTarget "BetBet (iOS)" */ = {
			isa = XCConfigurationList;
			buildConfigurations = (
				1DE0512626532D98009C3318 /* Debug */,
				1DE0512726532D98009C3318 /* Release */,
			);
			defaultConfigurationIsVisible = 0;
			defaultConfigurationName = Release;
		};
		1DE0512826532D98009C3318 /* Build configuration list for PBXNativeTarget "BetBet (macOS)" */ = {
			isa = XCConfigurationList;
			buildConfigurations = (
				1DE0512926532D98009C3318 /* Debug */,
				1DE0512A26532D98009C3318 /* Release */,
			);
			defaultConfigurationIsVisible = 0;
			defaultConfigurationName = Release;
		};
/* End XCConfigurationList section */
	};
	rootObject = 1DE0510526532D92009C3318 /* Project object */;
}
